
Microsoft Visual Studio Solution File, Format Version 12.00
# Visual Studio Version 17
VisualStudioVersion = 17.11.35312.102
MinimumVisualStudioVersion = 10.0.40219.1
Project("{FAE04EC0-301F-11D3-BF4B-00C04F79EFBC}") = "c# Training", "c# Training\c# Training.csproj", "{B8A18141-9DB8-4E58-A3F0-BE2F8A3E46DF}"
EndProject
Global
	GlobalSection(SolutionConfigurationPlatforms) = preSolution
		Debug|Any CPU = Debug|Any CPU
		Release|Any CPU = Release|Any CPU
	EndGlobalSection
	GlobalSection(ProjectConfigurationPlatforms) = postSolution
		{B8A18141-9DB8-4E58-A3F0-BE2F8A3E46DF}.Debug|Any CPU.ActiveCfg = Debug|Any CPU
		{B8A18141-9DB8-4E58-A3F0-BE2F8A3E46DF}.Debug|Any CPU.Build.0 = Debug|Any CPU
		{B8A18141-9DB8-4E58-A3F0-BE2F8A3E46DF}.Release|Any CPU.ActiveCfg = Release|Any CPU
		{B8A18141-9DB8-4E58-A3F0-BE2F8A3E46DF}.Release|Any CPU.Build.0 = Release|Any CPU
	EndGlobalSection
	GlobalSection(SolutionProperties) = preSolution
		HideSolutionNode = FALSE
	EndGlobalSection
	GlobalSection(ExtensibilityGlobals) = postSolution
		SolutionGuid = {8251E704-350D-4210-9489-F8F8657ABC8D}
	EndGlobalSection
EndGlobal
